
Microsoft Visual Studio Solution File, Format Version 12.00
# Visual Studio Version 16
VisualStudioVersion = 16.0.31702.278
MinimumVisualStudioVersion = 10.0.40219.1
Project("{9A19103F-16F7-4668-BE54-9A1E7A4F7556}") = "RESTAssetUploadExample", "RESTAssetUploadExample.csproj", "{348AEB5F-F50C-4AD9-B5F8-7AF3A45857DE}"
EndProject
Global
	GlobalSection(SolutionConfigurationPlatforms) = preSolution
		Debug|Any CPU = Debug|Any CPU
		Release|Any CPU = Release|Any CPU
	EndGlobalSection
	GlobalSection(ProjectConfigurationPlatforms) = postSolution
		{348AEB5F-F50C-4AD9-B5F8-7AF3A45857DE}.Debug|Any CPU.ActiveCfg = Debug|Any CPU
		{348AEB5F-F50C-4AD9-B5F8-7AF3A45857DE}.Debug|Any CPU.Build.0 = Debug|Any CPU
		{348AEB5F-F50C-4AD9-B5F8-7AF3A45857DE}.Release|Any CPU.ActiveCfg = Release|Any CPU
		{348AEB5F-F50C-4AD9-B5F8-7AF3A45857DE}.Release|Any CPU.Build.0 = Release|Any CPU
	EndGlobalSection
	GlobalSection(SolutionProperties) = preSolution
		HideSolutionNode = FALSE
	EndGlobalSection
	GlobalSection(ExtensibilityGlobals) = postSolution
		SolutionGuid = {ED93DF44-B853-47A3-BC3C-BECC90986F9B}
	EndGlobalSection
EndGlobal
